
Microsoft Visual Studio Solution File, Format Version 12.00
# Visual Studio Version 17
VisualStudioVersion = 17.1.32228.430
MinimumVisualStudioVersion = 10.0.40219.1
Project("{FAE04EC0-301F-11D3-BF4B-00C04F79EFBC}") = "pie-chart", "pie-chart\pie-chart.csproj", "{562C3CDF-0BCA-40FC-994C-DBF4B87EA504}"
EndProject
Global
	GlobalSection(SolutionConfigurationPlatforms) = preSolution
		Debug|Any CPU = Debug|Any CPU
		Release|Any CPU = Release|Any CPU
	EndGlobalSection
	GlobalSection(ProjectConfigurationPlatforms) = postSolution
		{562C3CDF-0BCA-40FC-994C-DBF4B87EA504}.Debug|Any CPU.ActiveCfg = Debug|Any CPU
		{562C3CDF-0BCA-40FC-994C-DBF4B87EA504}.Debug|Any CPU.Build.0 = Debug|Any CPU
		{562C3CDF-0BCA-40FC-994C-DBF4B87EA504}.Release|Any CPU.ActiveCfg = Release|Any CPU
		{562C3CDF-0BCA-40FC-994C-DBF4B87EA504}.Release|Any CPU.Build.0 = Release|Any CPU
	EndGlobalSection
	GlobalSection(SolutionProperties) = preSolution
		HideSolutionNode = FALSE
	EndGlobalSection
	GlobalSection(ExtensibilityGlobals) = postSolution
		SolutionGuid = {FCC74E04-C251-4EBB-B09E-7B5E513F23D5}
	EndGlobalSection
EndGlobal
